
Microsoft Visual Studio Solution File, Format Version 12.00
# Visual Studio Version 16
VisualStudioVersion = 16.0.32228.343
MinimumVisualStudioVersion = 10.0.40219.1
Project("{8BC9CEB8-8B4A-11D0-8D11-00A0C91BC942}") = "Project3", "Project3.vcxproj", "{83A81405-C2DF-457B-AC14-D9059752B135}"
EndProject
Global
	GlobalSection(SolutionConfigurationPlatforms) = preSolution
		Debug|x64 = Debug|x64
		Debug|x86 = Debug|x86
		Release|x64 = Release|x64
		Release|x86 = Release|x86
	EndGlobalSection
	GlobalSection(ProjectConfigurationPlatforms) = postSolution
		{83A81405-C2DF-457B-AC14-D9059752B135}.Debug|x64.ActiveCfg = Debug|x64
		{83A81405-C2DF-457B-AC14-D9059752B135}.Debug|x64.Build.0 = Debug|x64
		{83A81405-C2DF-457B-AC14-D9059752B135}.Debug|x86.ActiveCfg = Debug|Win32
		{83A81405-C2DF-457B-AC14-D9059752B135}.Debug|x86.Build.0 = Debug|Win32
		{83A81405-C2DF-457B-AC14-D9059752B135}.Release|x64.ActiveCfg = Release|x64
		{83A81405-C2DF-457B-AC14-D9059752B135}.Release|x64.Build.0 = Release|x64
		{83A81405-C2DF-457B-AC14-D9059752B135}.Release|x86.ActiveCfg = Release|Win32
		{83A81405-C2DF-457B-AC14-D9059752B135}.Release|x86.Build.0 = Release|Win32
	EndGlobalSection
	GlobalSection(SolutionProperties) = preSolution
		HideSolutionNode = FALSE
	EndGlobalSection
	GlobalSection(ExtensibilityGlobals) = postSolution
		SolutionGuid = {CF84F7AD-2427-4596-BC80-79F75F42E099}
	EndGlobalSection
EndGlobal
